
Microsoft Visual Studio Solution File, Format Version 12.00
# Visual Studio 14
VisualStudioVersion = 14.0.25123.0
MinimumVisualStudioVersion = 10.0.40219.1
Project("{262852C6-CD72-467D-83FE-5EEB1973A190}") = "Show and Tell! UWA", "Photo. Doodle. Fun! UWA\Photo. Doodle. Fun! UWA.jsproj", "{AA0AEDFD-30E2-44C9-B2AE-82E834BCACAA}"
	ProjectSection(ProjectDependencies) = postProject
		{E9BC02F8-9E4A-4E38-AAC9-19600318DB53} = {E9BC02F8-9E4A-4E38-AAC9-19600318DB53}
	EndProjectSection
EndProject
Project("{8BC9CEB8-8B4A-11D0-8D11-00A0C91BC942}") = "CoreViewHelpers", "Photo. Doodle. Fun! UWA\CoreViewHelpers\CoreViewHelpers.vcxproj", "{E9BC02F8-9E4A-4E38-AAC9-19600318DB53}"
EndProject
Global
	GlobalSection(SolutionConfigurationPlatforms) = preSolution
		Debug|Any CPU = Debug|Any CPU
		Debug|ARM = Debug|ARM
		Debug|x64 = Debug|x64
		Debug|x86 = Debug|x86
		Release|Any CPU = Release|Any CPU
		Release|ARM = Release|ARM
		Release|x64 = Release|x64
		Release|x86 = Release|x86
	EndGlobalSection
	GlobalSection(ProjectConfigurationPlatforms) = postSolution
		{EA6DB84A-6298-4513-9206-49844535B8EB}.Debug|Any CPU.ActiveCfg = Debug|x64
		{EA6DB84A-6298-4513-9206-49844535B8EB}.Debug|Any CPU.Build.0 = Debug|x64
		{EA6DB84A-6298-4513-9206-49844535B8EB}.Debug|Any CPU.Deploy.0 = Debug|x64
		{EA6DB84A-6298-4513-9206-49844535B8EB}.Debug|ARM.ActiveCfg = Debug|ARM
		{EA6DB84A-6298-4513-9206-49844535B8EB}.Debug|ARM.Build.0 = Debug|ARM
		{EA6DB84A-6298-4513-9206-49844535B8EB}.Debug|ARM.Deploy.0 = Debug|ARM
		{EA6DB84A-6298-4513-9206-49844535B8EB}.Debug|x64.ActiveCfg = Debug|x64
		{EA6DB84A-6298-4513-9206-49844535B8EB}.Debug|x64.Build.0 = Debug|x64
		{EA6DB84A-6298-4513-9206-49844535B8EB}.Debug|x64.Deploy.0 = Debug|x64
		{EA6DB84A-6298-4513-9206-49844535B8EB}.Debug|x86.ActiveCfg = Debug|x86
		{EA6DB84A-6298-4513-9206-49844535B8EB}.Debug|x86.Build.0 = Debug|x86
		{EA6DB84A-6298-4513-9206-49844535B8EB}.Debug|x86.Deploy.0 = Debug|x86
		{EA6DB84A-6298-4513-9206-49844535B8EB}.Release|Any CPU.ActiveCfg = Release|Any CPU
		{EA6DB84A-6298-4513-9206-49844535B8EB}.Release|Any CPU.Build.0 = Release|Any CPU
		{EA6DB84A-6298-4513-9206-49844535B8EB}.Release|Any CPU.Deploy.0 = Release|Any CPU
		{EA6DB84A-6298-4513-9206-49844535B8EB}.Release|ARM.ActiveCfg = Release|ARM
		{EA6DB84A-6298-4513-9206-49844535B8EB}.Release|ARM.Build.0 = Release|ARM
		{EA6DB84A-6298-4513-9206-49844535B8EB}.Release|ARM.Deploy.0 = Release|ARM
		{EA6DB84A-6298-4513-9206-49844535B8EB}.Release|x64.ActiveCfg = Release|x64
		{EA6DB84A-6298-4513-9206-49844535B8EB}.Release|x64.Build.0 = Release|x64
		{EA6DB84A-6298-4513-9206-49844535B8EB}.Release|x64.Deploy.0 = Release|x64
		{EA6DB84A-6298-4513-9206-49844535B8EB}.Release|x86.ActiveCfg = Release|x86
		{EA6DB84A-6298-4513-9206-49844535B8EB}.Release|x86.Build.0 = Release|x86
		{EA6DB84A-6298-4513-9206-49844535B8EB}.Release|x86.Deploy.0 = Release|x86
		{AA0AEDFD-30E2-44C9-B2AE-82E834BCACAA}.Debug|Any CPU.ActiveCfg = Debug|Any CPU
		{AA0AEDFD-30E2-44C9-B2AE-82E834BCACAA}.Debug|Any CPU.Build.0 = Debug|Any CPU
		{AA0AEDFD-30E2-44C9-B2AE-82E834BCACAA}.Debug|Any CPU.Deploy.0 = Debug|Any CPU
		{AA0AEDFD-30E2-44C9-B2AE-82E834BCACAA}.Debug|ARM.ActiveCfg = Debug|ARM
		{AA0AEDFD-30E2-44C9-B2AE-82E834BCACAA}.Debug|ARM.Build.0 = Debug|ARM
		{AA0AEDFD-30E2-44C9-B2AE-82E834BCACAA}.Debug|ARM.Deploy.0 = Debug|ARM
		{AA0AEDFD-30E2-44C9-B2AE-82E834BCACAA}.Debug|x64.ActiveCfg = Debug|x64
		{AA0AEDFD-30E2-44C9-B2AE-82E834BCACAA}.Debug|x64.Build.0 = Debug|x64
		{AA0AEDFD-30E2-44C9-B2AE-82E834BCACAA}.Debug|x64.Deploy.0 = Debug|x64
		{AA0AEDFD-30E2-44C9-B2AE-82E834BCACAA}.Debug|x86.ActiveCfg = Debug|x86
		{AA0AEDFD-30E2-44C9-B2AE-82E834BCACAA}.Debug|x86.Build.0 = Debug|x86
		{AA0AEDFD-30E2-44C9-B2AE-82E834BCACAA}.Debug|x86.Deploy.0 = Debug|x86
		{AA0AEDFD-30E2-44C9-B2AE-82E834BCACAA}.Release|Any CPU.ActiveCfg = Release|Any CPU
		{AA0AEDFD-30E2-44C9-B2AE-82E834BCACAA}.Release|Any CPU.Build.0 = Release|Any CPU
		{AA0AEDFD-30E2-44C9-B2AE-82E834BCACAA}.Release|Any CPU.Deploy.0 = Release|Any CPU
		{AA0AEDFD-30E2-44C9-B2AE-82E834BCACAA}.Release|ARM.ActiveCfg = Release|ARM
		{AA0AEDFD-30E2-44C9-B2AE-82E834BCACAA}.Release|ARM.Build.0 = Release|ARM
		{AA0AEDFD-30E2-44C9-B2AE-82E834BCACAA}.Release|ARM.Deploy.0 = Release|ARM
		{AA0AEDFD-30E2-44C9-B2AE-82E834BCACAA}.Release|x64.ActiveCfg = Release|x64
		{AA0AEDFD-30E2-44C9-B2AE-82E834BCACAA}.Release|x64.Build.0 = Release|x64
		{AA0AEDFD-30E2-44C9-B2AE-82E834BCACAA}.Release|x64.Deploy.0 = Release|x64
		{AA0AEDFD-30E2-44C9-B2AE-82E834BCACAA}.Release|x86.ActiveCfg = Release|x86
		{AA0AEDFD-30E2-44C9-B2AE-82E834BCACAA}.Release|x86.Build.0 = Release|x86
		{AA0AEDFD-30E2-44C9-B2AE-82E834BCACAA}.Release|x86.Deploy.0 = Release|x86
		{E9BC02F8-9E4A-4E38-AAC9-19600318DB53}.Debug|Any CPU.ActiveCfg = Debug|Win32
		{E9BC02F8-9E4A-4E38-AAC9-19600318DB53}.Debug|ARM.ActiveCfg = Debug|ARM
		{E9BC02F8-9E4A-4E38-AAC9-19600318DB53}.Debug|ARM.Build.0 = Debug|ARM
		{E9BC02F8-9E4A-4E38-AAC9-19600318DB53}.Debug|x64.ActiveCfg = Debug|x64
		{E9BC02F8-9E4A-4E38-AAC9-19600318DB53}.Debug|x64.Build.0 = Debug|x64
		{E9BC02F8-9E4A-4E38-AAC9-19600318DB53}.Debug|x64.Deploy.0 = Debug|x64
		{E9BC02F8-9E4A-4E38-AAC9-19600318DB53}.Debug|x86.ActiveCfg = Debug|Win32
		{E9BC02F8-9E4A-4E38-AAC9-19600318DB53}.Debug|x86.Build.0 = Debug|Win32
		{E9BC02F8-9E4A-4E38-AAC9-19600318DB53}.Release|Any CPU.ActiveCfg = Release|Win32
		{E9BC02F8-9E4A-4E38-AAC9-19600318DB53}.Release|ARM.ActiveCfg = Release|ARM
		{E9BC02F8-9E4A-4E38-AAC9-19600318DB53}.Release|ARM.Build.0 = Release|ARM
		{E9BC02F8-9E4A-4E38-AAC9-19600318DB53}.Release|x64.ActiveCfg = Release|x64
		{E9BC02F8-9E4A-4E38-AAC9-19600318DB53}.Release|x64.Build.0 = Release|x64
		{E9BC02F8-9E4A-4E38-AAC9-19600318DB53}.Release|x86.ActiveCfg = Release|Win32
		{E9BC02F8-9E4A-4E38-AAC9-19600318DB53}.Release|x86.Build.0 = Release|Win32
	EndGlobalSection
	GlobalSection(SolutionProperties) = preSolution
		HideSolutionNode = FALSE
	EndGlobalSection
	GlobalSection(TeamFoundationVersionControl) = preSolution
		SccNumberOfProjects = 4
		SccEnterpriseProvider = {4CA58AB2-18FA-4F8D-95D4-32DDF27D184C}
		SccTeamFoundationServer = https://untappedpotential.visualstudio.com/
		SccLocalPath0 = .
	EndGlobalSection
EndGlobal
